
Microsoft Visual Studio Solution File, Format Version 12.00
# Visual Studio Version 16
VisualStudioVersion = 16.0.31321.278
MinimumVisualStudioVersion = 10.0.40219.1
Project("{9A19103F-16F7-4668-BE54-9A1E7A4F7556}") = "Fibonacci", "Fibonacci\Fibonacci.csproj", "{22DEE02A-FB00-4683-87C8-558686C388DB}"
EndProject
Project("{FAE04EC0-301F-11D3-BF4B-00C04F79EFBC}") = "Fibonacci.Benchmark", "Fibonacci.Benchmark\Fibonacci.Benchmark.csproj", "{B98FD2CE-AFA5-41E5-880A-1581AE7C80FB}"
EndProject
Global
	GlobalSection(SolutionConfigurationPlatforms) = preSolution
		Debug|Any CPU = Debug|Any CPU
		Release|Any CPU = Release|Any CPU
	EndGlobalSection
	GlobalSection(ProjectConfigurationPlatforms) = postSolution
		{22DEE02A-FB00-4683-87C8-558686C388DB}.Debug|Any CPU.ActiveCfg = Debug|Any CPU
		{22DEE02A-FB00-4683-87C8-558686C388DB}.Debug|Any CPU.Build.0 = Debug|Any CPU
		{22DEE02A-FB00-4683-87C8-558686C388DB}.Release|Any CPU.ActiveCfg = Release|Any CPU
		{22DEE02A-FB00-4683-87C8-558686C388DB}.Release|Any CPU.Build.0 = Release|Any CPU
		{B98FD2CE-AFA5-41E5-880A-1581AE7C80FB}.Debug|Any CPU.ActiveCfg = Debug|Any CPU
		{B98FD2CE-AFA5-41E5-880A-1581AE7C80FB}.Debug|Any CPU.Build.0 = Debug|Any CPU
		{B98FD2CE-AFA5-41E5-880A-1581AE7C80FB}.Release|Any CPU.ActiveCfg = Release|Any CPU
		{B98FD2CE-AFA5-41E5-880A-1581AE7C80FB}.Release|Any CPU.Build.0 = Release|Any CPU
	EndGlobalSection
	GlobalSection(SolutionProperties) = preSolution
		HideSolutionNode = FALSE
	EndGlobalSection
	GlobalSection(ExtensibilityGlobals) = postSolution
		SolutionGuid = {61E423D6-42FE-43CC-AB50-56A5F5E99ADA}
	EndGlobalSection
EndGlobal
